
Microsoft Visual Studio Solution File, Format Version 12.00
# Visual Studio Version 17
VisualStudioVersion = 17.4.33205.214
MinimumVisualStudioVersion = 10.0.40219.1
Project("{FAE04EC0-301F-11D3-BF4B-00C04F79EFBC}") = "AKingsDay", "AKingsDay\AKingsDay.csproj", "{6F3D97D3-27EF-4C47-80FB-FF850D57668D}"
EndProject
Global
	GlobalSection(SolutionConfigurationPlatforms) = preSolution
		Debug|Any CPU = Debug|Any CPU
		Release|Any CPU = Release|Any CPU
	EndGlobalSection
	GlobalSection(ProjectConfigurationPlatforms) = postSolution
		{6F3D97D3-27EF-4C47-80FB-FF850D57668D}.Debug|Any CPU.ActiveCfg = Debug|Any CPU
		{6F3D97D3-27EF-4C47-80FB-FF850D57668D}.Debug|Any CPU.Build.0 = Debug|Any CPU
		{6F3D97D3-27EF-4C47-80FB-FF850D57668D}.Release|Any CPU.ActiveCfg = Release|Any CPU
		{6F3D97D3-27EF-4C47-80FB-FF850D57668D}.Release|Any CPU.Build.0 = Release|Any CPU
	EndGlobalSection
	GlobalSection(SolutionProperties) = preSolution
		HideSolutionNode = FALSE
	EndGlobalSection
	GlobalSection(ExtensibilityGlobals) = postSolution
		SolutionGuid = {EA32E015-04E5-408E-9C56-26151D9544E7}
	EndGlobalSection
EndGlobal
